<Solution>
  <Project Path="StayEasy.BE/StayEasy.BE.csproj" />
  <Project Path="StayEasy.BLL/StayEasy.BLL.csproj" />
  <Project Path="StayEasy.DAL/StayEasy.DAL.csproj" />
  <Project Path="StayEasy.MPP/StayEasy.MPP.csproj" />
  <Project Path="StayEasy.Seguridad/StayEasy.Seguridad.csproj" Id="e2edec93-33db-48dc-913f-eb550e14d5a6" />
  <Project Path="StayEasy.UI/StayEasy.UI.csproj" />
</Solution>
