<Solution>
  <Project Path="StayEasy.BE/StayEasy.BE.csproj" />
  <Project Path="StayEasy.BLL/StayEasy.BLL.csproj" />
  <Project Path="StayEasy.DAL/StayEasy.DAL.csproj" />
  <Project Path="StayEasy.MPP/StayEasy.MPP.csproj" />
  <Project Path="StayEasy.Seguridad/StayEasy.Seguridad.csproj" Id="d98d5976-00b4-4714-86c2-28e99e210b95" />
  <Project Path="StayEasy.UI/StayEasy.UI.csproj" />
</Solution>
